// !$*UTF8*$!
{
	archiveVersion = 1;
	classes = {
	};
	objectVersion = 46;
	objects = {

/* Begin PBXBuildFile section */
		C73378AB19467FC300A33D4C /* Foundation.framework in Frameworks */ = {isa = PBXBuildFile; fileRef = C73378AA19467FC300A33D4C /* Foundation.framework */; };
		C73378AD19467FC300A33D4C /* CoreGraphics.framework in Frameworks */ = {isa = PBXBuildFile; fileRef = C73378AC19467FC300A33D4C /* CoreGraphics.framework */; };
		C73378AF19467FC300A33D4C /* UIKit.framework in Frameworks */ = {isa = PBXBuildFile; fileRef = C73378AE19467FC300A33D4C /* UIKit.framework */; };
		C73378B519467FC300A33D4C /* InfoPlist.strings in Resources */ = {isa = PBXBuildFile; fileRef = C73378B319467FC300A33D4C /* InfoPlist.strings */; };
		C73378B719467FC300A33D4C /* main.m in Sources */ = {isa = PBXBuildFile; fileRef = C73378B619467FC300A33D4C /* main.m */; };
		C73378BB19467FC300A33D4C /* KTAppDelegate.m in Sources */ = {isa = PBXBuildFile; fileRef = C73378BA19467FC300A33D4C /* KTAppDelegate.m */; };
		C73378BE19467FC300A33D4C /* Main.storyboard in Resources */ = {isa = PBXBuildFile; fileRef = C73378BC19467FC300A33D4C /* Main.storyboard */; };
		C73378C119467FC400A33D4C /* KTViewController.m in Sources */ = {isa = PBXBuildFile; fileRef = C73378C019467FC400A33D4C /* KTViewController.m */; };
		C73378C319467FC400A33D4C /* Images.xcassets in Resources */ = {isa = PBXBuildFile; fileRef = C73378C219467FC400A33D4C /* Images.xcassets */; };
		C73378CA19467FC400A33D4C /* XCTest.framework in Frameworks */ = {isa = PBXBuildFile; fileRef = C73378C919467FC400A33D4C /* XCTest.framework */; };
		C73378CB19467FC400A33D4C /* Foundation.framework in Frameworks */ = {isa = PBXBuildFile; fileRef = C73378AA19467FC300A33D4C /* Foundation.framework */; };
		C73378CC19467FC400A33D4C /* UIKit.framework in Frameworks */ = {isa = PBXBuildFile; fileRef = C73378AE19467FC300A33D4C /* UIKit.framework */; };
		C73378D419467FC400A33D4C /* InfoPlist.strings in Resources */ = {isa = PBXBuildFile; fileRef = C73378D219467FC400A33D4C /* InfoPlist.strings */; };
		C73378D619467FC400A33D4C /* AoOTaniguchiTests.m in Sources */ = {isa = PBXBuildFile; fileRef = C73378D519467FC400A33D4C /* AoOTaniguchiTests.m */; };
		C733792919468FD700A33D4C /* KTDataLoader.m in Sources */ = {isa = PBXBuildFile; fileRef = C733792819468FD700A33D4C /* KTDataLoader.m */; };
		C733793019469A0D00A33D4C /* EU32.png in Resources */ = {isa = PBXBuildFile; fileRef = C733792D19469A0D00A33D4C /* EU32.png */; };
		C733793119469A0D00A33D4C /* EU48.png in Resources */ = {isa = PBXBuildFile; fileRef = C733792E19469A0D00A33D4C /* EU48.png */; };
		C733793219469A0D00A33D4C /* EU64.png in Resources */ = {isa = PBXBuildFile; fileRef = C733792F19469A0D00A33D4C /* EU64.png */; };
		C733793619469A9C00A33D4C /* UK32.png in Resources */ = {isa = PBXBuildFile; fileRef = C733793319469A9C00A33D4C /* UK32.png */; };
		C733793719469A9C00A33D4C /* UK64.png in Resources */ = {isa = PBXBuildFile; fileRef = C733793419469A9C00A33D4C /* UK64.png */; };
		C733793819469A9C00A33D4C /* US48.png in Resources */ = {isa = PBXBuildFile; fileRef = C733793519469A9C00A33D4C /* US48.png */; };
		C733793B19469AA800A33D4C /* US24.png in Resources */ = {isa = PBXBuildFile; fileRef = C733793919469AA800A33D4C /* US24.png */; };
		C733793C19469AA800A33D4C /* US64.png in Resources */ = {isa = PBXBuildFile; fileRef = C733793A19469AA800A33D4C /* US64.png */; };
		C733794019469ADB00A33D4C /* JP32.png in Resources */ = {isa = PBXBuildFile; fileRef = C733793D19469ADB00A33D4C /* JP32.png */; };
		C733794119469ADB00A33D4C /* JP48.png in Resources */ = {isa = PBXBuildFile; fileRef = C733793E19469ADB00A33D4C /* JP48.png */; };
		C733794219469ADB00A33D4C /* JP64.png in Resources */ = {isa = PBXBuildFile; fileRef = C733793F19469ADB00A33D4C /* JP64.png */; };
		C733794619469AF700A33D4C /* BRA32.png in Resources */ = {isa = PBXBuildFile; fileRef = C733794319469AF700A33D4C /* BRA32.png */; };
		C733794719469AF700A33D4C /* BRA48.png in Resources */ = {isa = PBXBuildFile; fileRef = C733794419469AF700A33D4C /* BRA48.png */; };
		C733794819469AF700A33D4C /* BRA64.png in Resources */ = {isa = PBXBuildFile; fileRef = C733794519469AF700A33D4C /* BRA64.png */; };
		C7430CB519635826005B0B99 /* KTStoreTester.m in Sources */ = {isa = PBXBuildFile; fileRef = C7430CB419635826005B0B99 /* KTStoreTester.m */; };
		C7B635161946D2C600CE94D2 /* CurrencyModel.xcdatamodeld in Sources */ = {isa = PBXBuildFile; fileRef = C7B635141946D2C600CE94D2 /* CurrencyModel.xcdatamodeld */; };
		C7B635191946D38A00CE94D2 /* Currency.m in Sources */ = {isa = PBXBuildFile; fileRef = C7B635181946D38A00CE94D2 /* Currency.m */; };
		C7B6351C1946D3C500CE94D2 /* KTCurrencyStore.m in Sources */ = {isa = PBXBuildFile; fileRef = C7B6351B1946D3C500CE94D2 /* KTCurrencyStore.m */; };
		C7B6351D1946ED7A00CE94D2 /* US24.png in Resources */ = {isa = PBXBuildFile; fileRef = C733793919469AA800A33D4C /* US24.png */; };
		C7B6351E1946ED7E00CE94D2 /* US64.png in Resources */ = {isa = PBXBuildFile; fileRef = C733793A19469AA800A33D4C /* US64.png */; };
		C7B6351F1946ED8000CE94D2 /* BRA64.png in Resources */ = {isa = PBXBuildFile; fileRef = C733794519469AF700A33D4C /* BRA64.png */; };
		C7B635201946ED8400CE94D2 /* JP64.png in Resources */ = {isa = PBXBuildFile; fileRef = C733793F19469ADB00A33D4C /* JP64.png */; };
		C7B635211946ED8700CE94D2 /* EU64.png in Resources */ = {isa = PBXBuildFile; fileRef = C733792F19469A0D00A33D4C /* EU64.png */; };
		C7B635221946ED8B00CE94D2 /* UK64.png in Resources */ = {isa = PBXBuildFile; fileRef = C733793419469A9C00A33D4C /* UK64.png */; };
		C7B63526194703F200CE94D2 /* 1402409353_Euro_coin.png in Resources */ = {isa = PBXBuildFile; fileRef = C7B63523194703F200CE94D2 /* 1402409353_Euro_coin.png */; };
		C7B63527194703F200CE94D2 /* 1402409325_Yen_coin.png in Resources */ = {isa = PBXBuildFile; fileRef = C7B63524194703F200CE94D2 /* 1402409325_Yen_coin.png */; };
		C7B63528194703F200CE94D2 /* 1402409295_currency_pound.png in Resources */ = {isa = PBXBuildFile; fileRef = C7B63525194703F200CE94D2 /* 1402409295_currency_pound.png */; };
		C7B6352A194705A100CE94D2 /* 1402410084_Pound_coin.png in Resources */ = {isa = PBXBuildFile; fileRef = C7B63529194705A100CE94D2 /* 1402410084_Pound_coin.png */; };
		C8E5CA8C242A42489DF5B1AA /* libPods.a in Frameworks */ = {isa = PBXBuildFile; fileRef = 20637BDB33E6418596A93D63 /* libPods.a */; };
/* End PBXBuildFile section */

/* Begin PBXContainerItemProxy section */
		C73378CD19467FC400A33D4C /* PBXContainerItemProxy */ = {
			isa = PBXContainerItemProxy;
			containerPortal = C733789F19467FC300A33D4C /* Project object */;
			proxyType = 1;
			remoteGlobalIDString = C73378A619467FC300A33D4C;
			remoteInfo = AoOTaniguchi;
		};
/* End PBXContainerItemProxy section */

/* Begin PBXFileReference section */
		20637BDB33E6418596A93D63 /* libPods.a */ = {isa = PBXFileReference; explicitFileType = archive.ar; includeInIndex = 0; path = libPods.a; sourceTree = BUILT_PRODUCTS_DIR; };
		9612BD88415342A297385B39 /* Pods.xcconfig */ = {isa = PBXFileReference; includeInIndex = 1; lastKnownFileType = text.xcconfig; name = Pods.xcconfig; path = Pods/Pods.xcconfig; sourceTree = "<group>"; };
		C73378A719467FC300A33D4C /* AoOTaniguchi.app */ = {isa = PBXFileReference; explicitFileType = wrapper.application; includeInIndex = 0; path = AoOTaniguchi.app; sourceTree = BUILT_PRODUCTS_DIR; };
		C73378AA19467FC300A33D4C /* Foundation.framework */ = {isa = PBXFileReference; lastKnownFileType = wrapper.framework; name = Foundation.framework; path = System/Library/Frameworks/Foundation.framework; sourceTree = SDKROOT; };
		C73378AC19467FC300A33D4C /* CoreGraphics.framework */ = {isa = PBXFileReference; lastKnownFileType = wrapper.framework; name = CoreGraphics.framework; path = System/Library/Frameworks/CoreGraphics.framework; sourceTree = SDKROOT; };
		C73378AE19467FC300A33D4C /* UIKit.framework */ = {isa = PBXFileReference; lastKnownFileType = wrapper.framework; name = UIKit.framework; path = System/Library/Frameworks/UIKit.framework; sourceTree = SDKROOT; };
		C73378B219467FC300A33D4C /* AoOTaniguchi-Info.plist */ = {isa = PBXFileReference; lastKnownFileType = text.plist.xml; path = "AoOTaniguchi-Info.plist"; sourceTree = "<group>"; };
		C73378B419467FC300A33D4C /* en */ = {isa = PBXFileReference; lastKnownFileType = text.plist.strings; name = en; path = en.lproj/InfoPlist.strings; sourceTree = "<group>"; };
		C73378B619467FC300A33D4C /* main.m */ = {isa = PBXFileReference; lastKnownFileType = sourcecode.c.objc; path = main.m; sourceTree = "<group>"; };
		C73378B819467FC300A33D4C /* AoOTaniguchi-Prefix.pch */ = {isa = PBXFileReference; lastKnownFileType = sourcecode.c.h; path = "AoOTaniguchi-Prefix.pch"; sourceTree = "<group>"; };
		C73378B919467FC300A33D4C /* KTAppDelegate.h */ = {isa = PBXFileReference; lastKnownFileType = sourcecode.c.h; path = KTAppDelegate.h; sourceTree = "<group>"; };
		C73378BA19467FC300A33D4C /* KTAppDelegate.m */ = {isa = PBXFileReference; lastKnownFileType = sourcecode.c.objc; path = KTAppDelegate.m; sourceTree = "<group>"; };
		C73378BD19467FC300A33D4C /* Base */ = {isa = PBXFileReference; lastKnownFileType = file.storyboard; name = Base; path = Base.lproj/Main.storyboard; sourceTree = "<group>"; };
		C73378BF19467FC300A33D4C /* KTViewController.h */ = {isa = PBXFileReference; lastKnownFileType = sourcecode.c.h; path = KTViewController.h; sourceTree = "<group>"; };
		C73378C019467FC400A33D4C /* KTViewController.m */ = {isa = PBXFileReference; lastKnownFileType = sourcecode.c.objc; path = KTViewController.m; sourceTree = "<group>"; };
		C73378C219467FC400A33D4C /* Images.xcassets */ = {isa = PBXFileReference; lastKnownFileType = folder.assetcatalog; path = Images.xcassets; sourceTree = "<group>"; };
		C73378C819467FC400A33D4C /* AoOTaniguchiTests.xctest */ = {isa = PBXFileReference; explicitFileType = wrapper.cfbundle; includeInIndex = 0; path = AoOTaniguchiTests.xctest; sourceTree = BUILT_PRODUCTS_DIR; };
		C73378C919467FC400A33D4C /* XCTest.framework */ = {isa = PBXFileReference; lastKnownFileType = wrapper.framework; name = XCTest.framework; path = Library/Frameworks/XCTest.framework; sourceTree = DEVELOPER_DIR; };
		C73378D119467FC400A33D4C /* AoOTaniguchiTests-Info.plist */ = {isa = PBXFileReference; lastKnownFileType = text.plist.xml; path = "AoOTaniguchiTests-Info.plist"; sourceTree = "<group>"; };
		C73378D319467FC400A33D4C /* en */ = {isa = PBXFileReference; lastKnownFileType = text.plist.strings; name = en; path = en.lproj/InfoPlist.strings; sourceTree = "<group>"; };
		C73378D519467FC400A33D4C /* AoOTaniguchiTests.m */ = {isa = PBXFileReference; lastKnownFileType = sourcecode.c.objc; path = AoOTaniguchiTests.m; sourceTree = "<group>"; };
		C733792719468FD700A33D4C /* KTDataLoader.h */ = {isa = PBXFileReference; fileEncoding = 4; lastKnownFileType = sourcecode.c.h; path = KTDataLoader.h; sourceTree = "<group>"; };
		C733792819468FD700A33D4C /* KTDataLoader.m */ = {isa = PBXFileReference; fileEncoding = 4; lastKnownFileType = sourcecode.c.objc; path = KTDataLoader.m; sourceTree = "<group>"; };
		C733792D19469A0D00A33D4C /* EU32.png */ = {isa = PBXFileReference; lastKnownFileType = image.png; name = EU32.png; path = AoOTaniguchiTests/EU32.png; sourceTree = SOURCE_ROOT; };
		C733792E19469A0D00A33D4C /* EU48.png */ = {isa = PBXFileReference; lastKnownFileType = image.png; name = EU48.png; path = AoOTaniguchiTests/EU48.png; sourceTree = SOURCE_ROOT; };
		C733792F19469A0D00A33D4C /* EU64.png */ = {isa = PBXFileReference; lastKnownFileType = image.png; name = EU64.png; path = AoOTaniguchiTests/EU64.png; sourceTree = SOURCE_ROOT; };
		C733793319469A9C00A33D4C /* UK32.png */ = {isa = PBXFileReference; lastKnownFileType = image.png; name = UK32.png; path = AoOTaniguchiTests/UK32.png; sourceTree = SOURCE_ROOT; };
		C733793419469A9C00A33D4C /* UK64.png */ = {isa = PBXFileReference; lastKnownFileType = image.png; name = UK64.png; path = AoOTaniguchiTests/UK64.png; sourceTree = SOURCE_ROOT; };
		C733793519469A9C00A33D4C /* US48.png */ = {isa = PBXFileReference; lastKnownFileType = image.png; name = US48.png; path = AoOTaniguchiTests/US48.png; sourceTree = SOURCE_ROOT; };
		C733793919469AA800A33D4C /* US24.png */ = {isa = PBXFileReference; lastKnownFileType = image.png; name = US24.png; path = AoOTaniguchiTests/US24.png; sourceTree = SOURCE_ROOT; };
		C733793A19469AA800A33D4C /* US64.png */ = {isa = PBXFileReference; lastKnownFileType = image.png; name = US64.png; path = AoOTaniguchiTests/US64.png; sourceTree = SOURCE_ROOT; };
		C733793D19469ADB00A33D4C /* JP32.png */ = {isa = PBXFileReference; lastKnownFileType = image.png; name = JP32.png; path = AoOTaniguchiTests/JP32.png; sourceTree = SOURCE_ROOT; };
		C733793E19469ADB00A33D4C /* JP48.png */ = {isa = PBXFileReference; lastKnownFileType = image.png; name = JP48.png; path = AoOTaniguchiTests/JP48.png; sourceTree = SOURCE_ROOT; };
		C733793F19469ADB00A33D4C /* JP64.png */ = {isa = PBXFileReference; lastKnownFileType = image.png; name = JP64.png; path = AoOTaniguchiTests/JP64.png; sourceTree = SOURCE_ROOT; };
		C733794319469AF700A33D4C /* BRA32.png */ = {isa = PBXFileReference; lastKnownFileType = image.png; name = BRA32.png; path = AoOTaniguchiTests/BRA32.png; sourceTree = SOURCE_ROOT; };
		C733794419469AF700A33D4C /* BRA48.png */ = {isa = PBXFileReference; lastKnownFileType = image.png; name = BRA48.png; path = AoOTaniguchiTests/BRA48.png; sourceTree = SOURCE_ROOT; };
		C733794519469AF700A33D4C /* BRA64.png */ = {isa = PBXFileReference; lastKnownFileType = image.png; name = BRA64.png; path = AoOTaniguchiTests/BRA64.png; sourceTree = SOURCE_ROOT; };
		C7430CB419635826005B0B99 /* KTStoreTester.m */ = {isa = PBXFileReference; fileEncoding = 4; lastKnownFileType = sourcecode.c.objc; path = KTStoreTester.m; sourceTree = "<group>"; };
		C7B635151946D2C600CE94D2 /* CurrencyModel.xcdatamodel */ = {isa = PBXFileReference; lastKnownFileType = wrapper.xcdatamodel; path = CurrencyModel.xcdatamodel; sourceTree = "<group>"; };
		C7B635171946D38A00CE94D2 /* Currency.h */ = {isa = PBXFileReference; fileEncoding = 4; lastKnownFileType = sourcecode.c.h; path = Currency.h; sourceTree = "<group>"; };
		C7B635181946D38A00CE94D2 /* Currency.m */ = {isa = PBXFileReference; fileEncoding = 4; lastKnownFileType = sourcecode.c.objc; path = Currency.m; sourceTree = "<group>"; };
		C7B6351A1946D3C500CE94D2 /* KTCurrencyStore.h */ = {isa = PBXFileReference; fileEncoding = 4; lastKnownFileType = sourcecode.c.h; name = KTCurrencyStore.h; path = ../KTCurrencyStore.h; sourceTree = "<group>"; };
		C7B6351B1946D3C500CE94D2 /* KTCurrencyStore.m */ = {isa = PBXFileReference; fileEncoding = 4; lastKnownFileType = sourcecode.c.objc; name = KTCurrencyStore.m; path = ../KTCurrencyStore.m; sourceTree = "<group>"; };
		C7B63523194703F200CE94D2 /* 1402409353_Euro_coin.png */ = {isa = PBXFileReference; lastKnownFileType = image.png; path = 1402409353_Euro_coin.png; sourceTree = "<group>"; };
		C7B63524194703F200CE94D2 /* 1402409325_Yen_coin.png */ = {isa = PBXFileReference; lastKnownFileType = image.png; path = 1402409325_Yen_coin.png; sourceTree = "<group>"; };
		C7B63525194703F200CE94D2 /* 1402409295_currency_pound.png */ = {isa = PBXFileReference; lastKnownFileType = image.png; path = 1402409295_currency_pound.png; sourceTree = "<group>"; };
		C7B63529194705A100CE94D2 /* 1402410084_Pound_coin.png */ = {isa = PBXFileReference; lastKnownFileType = image.png; path = 1402410084_Pound_coin.png; sourceTree = "<group>"; };
/* End PBXFileReference section */

/* Begin PBXFrameworksBuildPhase section */
		C73378A419467FC300A33D4C /* Frameworks */ = {
			isa = PBXFrameworksBuildPhase;
			buildActionMask = 2147483647;
			files = (
				C73378AD19467FC300A33D4C /* CoreGraphics.framework in Frameworks */,
				C73378AF19467FC300A33D4C /* UIKit.framework in Frameworks */,
				C73378AB19467FC300A33D4C /* Foundation.framework in Frameworks */,
				C8E5CA8C242A42489DF5B1AA /* libPods.a in Frameworks */,
			);
			runOnlyForDeploymentPostprocessing = 0;
		};
		C73378C519467FC400A33D4C /* Frameworks */ = {
			isa = PBXFrameworksBuildPhase;
			buildActionMask = 2147483647;
			files = (
				C73378CA19467FC400A33D4C /* XCTest.framework in Frameworks */,
				C73378CC19467FC400A33D4C /* UIKit.framework in Frameworks */,
				C73378CB19467FC400A33D4C /* Foundation.framework in Frameworks */,
			);
			runOnlyForDeploymentPostprocessing = 0;
		};
/* End PBXFrameworksBuildPhase section */

/* Begin PBXGroup section */
		C733789E19467FC300A33D4C = {
			isa = PBXGroup;
			children = (
				C73378B019467FC300A33D4C /* AoOTaniguchi */,
				C73378CF19467FC400A33D4C /* AoOTaniguchiTests */,
				C73378A919467FC300A33D4C /* Frameworks */,
				C73378A819467FC300A33D4C /* Products */,
				9612BD88415342A297385B39 /* Pods.xcconfig */,
			);
			sourceTree = "<group>";
		};
		C73378A819467FC300A33D4C /* Products */ = {
			isa = PBXGroup;
			children = (
				C73378A719467FC300A33D4C /* AoOTaniguchi.app */,
				C73378C819467FC400A33D4C /* AoOTaniguchiTests.xctest */,
			);
			name = Products;
			sourceTree = "<group>";
		};
		C73378A919467FC300A33D4C /* Frameworks */ = {
			isa = PBXGroup;
			children = (
				C73378AA19467FC300A33D4C /* Foundation.framework */,
				C73378AC19467FC300A33D4C /* CoreGraphics.framework */,
				C73378AE19467FC300A33D4C /* UIKit.framework */,
				C73378C919467FC400A33D4C /* XCTest.framework */,
				20637BDB33E6418596A93D63 /* libPods.a */,
			);
			name = Frameworks;
			sourceTree = "<group>";
		};
		C73378B019467FC300A33D4C /* AoOTaniguchi */ = {
			isa = PBXGroup;
			children = (
				C73378B919467FC300A33D4C /* KTAppDelegate.h */,
				C73378BA19467FC300A33D4C /* KTAppDelegate.m */,
				C73378BC19467FC300A33D4C /* Main.storyboard */,
				C73378BF19467FC300A33D4C /* KTViewController.h */,
				C73378C019467FC400A33D4C /* KTViewController.m */,
				C733792719468FD700A33D4C /* KTDataLoader.h */,
				C733792819468FD700A33D4C /* KTDataLoader.m */,
				C73378C219467FC400A33D4C /* Images.xcassets */,
				C73378B119467FC300A33D4C /* Supporting Files */,
				C7B635141946D2C600CE94D2 /* CurrencyModel.xcdatamodeld */,
				C7B635171946D38A00CE94D2 /* Currency.h */,
				C7B635181946D38A00CE94D2 /* Currency.m */,
				C7B6351A1946D3C500CE94D2 /* KTCurrencyStore.h */,
				C7B6351B1946D3C500CE94D2 /* KTCurrencyStore.m */,
			);
			path = AoOTaniguchi;
			sourceTree = "<group>";
		};
		C73378B119467FC300A33D4C /* Supporting Files */ = {
			isa = PBXGroup;
			children = (
				C7B63529194705A100CE94D2 /* 1402410084_Pound_coin.png */,
				C7B63523194703F200CE94D2 /* 1402409353_Euro_coin.png */,
				C7B63524194703F200CE94D2 /* 1402409325_Yen_coin.png */,
				C7B63525194703F200CE94D2 /* 1402409295_currency_pound.png */,
				C733793919469AA800A33D4C /* US24.png */,
				C733793A19469AA800A33D4C /* US64.png */,
				C733792D19469A0D00A33D4C /* EU32.png */,
				C733794319469AF700A33D4C /* BRA32.png */,
				C733794419469AF700A33D4C /* BRA48.png */,
				C733794519469AF700A33D4C /* BRA64.png */,
				C733792E19469A0D00A33D4C /* EU48.png */,
				C733793D19469ADB00A33D4C /* JP32.png */,
				C733793E19469ADB00A33D4C /* JP48.png */,
				C733793F19469ADB00A33D4C /* JP64.png */,
				C733792F19469A0D00A33D4C /* EU64.png */,
				C733793319469A9C00A33D4C /* UK32.png */,
				C733793419469A9C00A33D4C /* UK64.png */,
				C733793519469A9C00A33D4C /* US48.png */,
				C73378B219467FC300A33D4C /* AoOTaniguchi-Info.plist */,
				C73378B319467FC300A33D4C /* InfoPlist.strings */,
				C73378B619467FC300A33D4C /* main.m */,
				C73378B819467FC300A33D4C /* AoOTaniguchi-Prefix.pch */,
			);
			name = "Supporting Files";
			sourceTree = "<group>";
		};
		C73378CF19467FC400A33D4C /* AoOTaniguchiTests */ = {
			isa = PBXGroup;
			children = (
				C73378D519467FC400A33D4C /* AoOTaniguchiTests.m */,
				C7430CB419635826005B0B99 /* KTStoreTester.m */,
				C73378D019467FC400A33D4C /* Supporting Files */,
			);
			path = AoOTaniguchiTests;
			sourceTree = "<group>";
		};
		C73378D019467FC400A33D4C /* Supporting Files */ = {
			isa = PBXGroup;
			children = (
				C73378D119467FC400A33D4C /* AoOTaniguchiTests-Info.plist */,
				C73378D219467FC400A33D4C /* InfoPlist.strings */,
			);
			name = "Supporting Files";
			sourceTree = "<group>";
		};
/* End PBXGroup section */

/* Begin PBXNativeTarget section */
		C73378A619467FC300A33D4C /* AoOTaniguchi */ = {
			isa = PBXNativeTarget;
			buildConfigurationList = C73378D919467FC400A33D4C /* Build configuration list for PBXNativeTarget "AoOTaniguchi" */;
			buildPhases = (
				943000582D1E43F4A911C8A2 /* Check Pods Manifest.lock */,
				C73378A319467FC300A33D4C /* Sources */,
				C73378A419467FC300A33D4C /* Frameworks */,
				C73378A519467FC300A33D4C /* Resources */,
				91577C6B51924F4AA3E8AD92 /* Copy Pods Resources */,
			);
			buildRules = (
			);
			dependencies = (
			);
			name = AoOTaniguchi;
			productName = AoOTaniguchi;
			productReference = C73378A719467FC300A33D4C /* AoOTaniguchi.app */;
			productType = "com.apple.product-type.application";
		};
		C73378C719467FC400A33D4C /* AoOTaniguchiTests */ = {
			isa = PBXNativeTarget;
			buildConfigurationList = C73378DC19467FC400A33D4C /* Build configuration list for PBXNativeTarget "AoOTaniguchiTests" */;
			buildPhases = (
				C73378C419467FC400A33D4C /* Sources */,
				C73378C519467FC400A33D4C /* Frameworks */,
				C73378C619467FC400A33D4C /* Resources */,
			);
			buildRules = (
			);
			dependencies = (
				C73378CE19467FC400A33D4C /* PBXTargetDependency */,
			);
			name = AoOTaniguchiTests;
			productName = AoOTaniguchiTests;
			productReference = C73378C819467FC400A33D4C /* AoOTaniguchiTests.xctest */;
			productType = "com.apple.product-type.bundle.unit-test";
		};
/* End PBXNativeTarget section */

/* Begin PBXProject section */
		C733789F19467FC300A33D4C /* Project object */ = {
			isa = PBXProject;
			attributes = {
				CLASSPREFIX = KT;
				LastUpgradeCheck = 0510;
				ORGANIZATIONNAME = Taniguchi;
				TargetAttributes = {
					C73378C719467FC400A33D4C = {
						TestTargetID = C73378A619467FC300A33D4C;
					};
				};
			};
			buildConfigurationList = C73378A219467FC300A33D4C /* Build configuration list for PBXProject "AoOTaniguchi" */;
			compatibilityVersion = "Xcode 3.2";
			developmentRegion = English;
			hasScannedForEncodings = 0;
			knownRegions = (
				en,
				Base,
			);
			mainGroup = C733789E19467FC300A33D4C;
			productRefGroup = C73378A819467FC300A33D4C /* Products */;
			projectDirPath = "";
			projectRoot = "";
			targets = (
				C73378A619467FC300A33D4C /* AoOTaniguchi */,
				C73378C719467FC400A33D4C /* AoOTaniguchiTests */,
			);
		};
/* End PBXProject section */

/* Begin PBXResourcesBuildPhase section */
		C73378A519467FC300A33D4C /* Resources */ = {
			isa = PBXResourcesBuildPhase;
			buildActionMask = 2147483647;
			files = (
				C73378C319467FC400A33D4C /* Images.xcassets in Resources */,
				C7B63526194703F200CE94D2 /* 1402409353_Euro_coin.png in Resources */,
				C7B6352A194705A100CE94D2 /* 1402410084_Pound_coin.png in Resources */,
				C7B63528194703F200CE94D2 /* 1402409295_currency_pound.png in Resources */,
				C7B63527194703F200CE94D2 /* 1402409325_Yen_coin.png in Resources */,
				C7B6351D1946ED7A00CE94D2 /* US24.png in Resources */,
				C7B6351E1946ED7E00CE94D2 /* US64.png in Resources */,
				C7B6351F1946ED8000CE94D2 /* BRA64.png in Resources */,
				C7B635201946ED8400CE94D2 /* JP64.png in Resources */,
				C7B635211946ED8700CE94D2 /* EU64.png in Resources */,
				C7B635221946ED8B00CE94D2 /* UK64.png in Resources */,
				C73378B519467FC300A33D4C /* InfoPlist.strings in Resources */,
				C73378BE19467FC300A33D4C /* Main.storyboard in Resources */,
			);
			runOnlyForDeploymentPostprocessing = 0;
		};
		C73378C619467FC400A33D4C /* Resources */ = {
			isa = PBXResourcesBuildPhase;
			buildActionMask = 2147483647;
			files = (
				C733793C19469AA800A33D4C /* US64.png in Resources */,
				C733793119469A0D00A33D4C /* EU48.png in Resources */,
				C733794019469ADB00A33D4C /* JP32.png in Resources */,
				C733794219469ADB00A33D4C /* JP64.png in Resources */,
				C733793B19469AA800A33D4C /* US24.png in Resources */,
				C733794619469AF700A33D4C /* BRA32.png in Resources */,
				C733793019469A0D00A33D4C /* EU32.png in Resources */,
				C733794819469AF700A33D4C /* BRA64.png in Resources */,
				C733794119469ADB00A33D4C /* JP48.png in Resources */,
				C733793619469A9C00A33D4C /* UK32.png in Resources */,
				C733794719469AF700A33D4C /* BRA48.png in Resources */,
				C733793719469A9C00A33D4C /* UK64.png in Resources */,
				C73378D419467FC400A33D4C /* InfoPlist.strings in Resources */,
				C733793219469A0D00A33D4C /* EU64.png in Resources */,
				C733793819469A9C00A33D4C /* US48.png in Resources */,
			);
			runOnlyForDeploymentPostprocessing = 0;
		};
/* End PBXResourcesBuildPhase section */

/* Begin PBXShellScriptBuildPhase section */
		91577C6B51924F4AA3E8AD92 /* Copy Pods Resources */ = {
			isa = PBXShellScriptBuildPhase;
			buildActionMask = 2147483647;
			files = (
			);
			inputPaths = (
			);
			name = "Copy Pods Resources";
			outputPaths = (
			);
			runOnlyForDeploymentPostprocessing = 0;
			shellPath = /bin/sh;
			shellScript = "\"${SRCROOT}/Pods/Pods-resources.sh\"\n";
			showEnvVarsInLog = 0;
		};
		943000582D1E43F4A911C8A2 /* Check Pods Manifest.lock */ = {
			isa = PBXShellScriptBuildPhase;
			buildActionMask = 2147483647;
			files = (
			);
			inputPaths = (
			);
			name = "Check Pods Manifest.lock";
			outputPaths = (
			);
			runOnlyForDeploymentPostprocessing = 0;
			shellPath = /bin/sh;
			shellScript = "diff \"${PODS_ROOT}/../Podfile.lock\" \"${PODS_ROOT}/Manifest.lock\" > /dev/null\nif [[ $? != 0 ]] ; then\n    cat << EOM\nerror: The sandbox is not in sync with the Podfile.lock. Run 'pod install' or update your CocoaPods installation.\nEOM\n    exit 1\nfi\n";
			showEnvVarsInLog = 0;
		};
/* End PBXShellScriptBuildPhase section */

/* Begin PBXSourcesBuildPhase section */
		C73378A319467FC300A33D4C /* Sources */ = {
			isa = PBXSourcesBuildPhase;
			buildActionMask = 2147483647;
			files = (
				C73378C119467FC400A33D4C /* KTViewController.m in Sources */,
				C7B635161946D2C600CE94D2 /* CurrencyModel.xcdatamodeld in Sources */,
				C7B6351C1946D3C500CE94D2 /* KTCurrencyStore.m in Sources */,
				C7B635191946D38A00CE94D2 /* Currency.m in Sources */,
				C733792919468FD700A33D4C /* KTDataLoader.m in Sources */,
				C73378B719467FC300A33D4C /* main.m in Sources */,
				C73378BB19467FC300A33D4C /* KTAppDelegate.m in Sources */,
			);
			runOnlyForDeploymentPostprocessing = 0;
		};
		C73378C419467FC400A33D4C /* Sources */ = {
			isa = PBXSourcesBuildPhase;
			buildActionMask = 2147483647;
			files = (
				C73378D619467FC400A33D4C /* AoOTaniguchiTests.m in Sources */,
				C7430CB519635826005B0B99 /* KTStoreTester.m in Sources */,
			);
			runOnlyForDeploymentPostprocessing = 0;
		};
/* End PBXSourcesBuildPhase section */

/* Begin PBXTargetDependency section */
		C73378CE19467FC400A33D4C /* PBXTargetDependency */ = {
			isa = PBXTargetDependency;
			target = C73378A619467FC300A33D4C /* AoOTaniguchi */;
			targetProxy = C73378CD19467FC400A33D4C /* PBXContainerItemProxy */;
		};
/* End PBXTargetDependency section */

/* Begin PBXVariantGroup section */
		C73378B319467FC300A33D4C /* InfoPlist.strings */ = {
			isa = PBXVariantGroup;
			children = (
				C73378B419467FC300A33D4C /* en */,
			);
			name = InfoPlist.strings;
			sourceTree = "<group>";
		};
		C73378BC19467FC300A33D4C /* Main.storyboard */ = {
			isa = PBXVariantGroup;
			children = (
				C73378BD19467FC300A33D4C /* Base */,
			);
			name = Main.storyboard;
			sourceTree = "<group>";
		};
		C73378D219467FC400A33D4C /* InfoPlist.strings */ = {
			isa = PBXVariantGroup;
			children = (
				C73378D319467FC400A33D4C /* en */,
			);
			name = InfoPlist.strings;
			sourceTree = "<group>";
		};
/* End PBXVariantGroup section */

/* Begin XCBuildConfiguration section */
		C73378D719467FC400A33D4C /* Debug */ = {
			isa = XCBuildConfiguration;
			buildSettings = {
				ALWAYS_SEARCH_USER_PATHS = NO;
				CLANG_CXX_LANGUAGE_STANDARD = "gnu++0x";
				CLANG_CXX_LIBRARY = "libc++";
				CLANG_ENABLE_MODULES = YES;
				CLANG_ENABLE_OBJC_ARC = YES;
				CLANG_WARN_BOOL_CONVERSION = YES;
				CLANG_WARN_CONSTANT_CONVERSION = YES;
				CLANG_WARN_DIRECT_OBJC_ISA_USAGE = YES_ERROR;
				CLANG_WARN_EMPTY_BODY = YES;
				CLANG_WARN_ENUM_CONVERSION = YES;
				CLANG_WARN_INT_CONVERSION = YES;
				CLANG_WARN_OBJC_ROOT_CLASS = YES_ERROR;
				CLANG_WARN__DUPLICATE_METHOD_MATCH = YES;
				"CODE_SIGN_IDENTITY[sdk=iphoneos*]" = "iPhone Developer";
				COPY_PHASE_STRIP = NO;
				GCC_C_LANGUAGE_STANDARD = gnu99;
				GCC_DYNAMIC_NO_PIC = NO;
				GCC_OPTIMIZATION_LEVEL = 0;
				GCC_PREPROCESSOR_DEFINITIONS = (
					"DEBUG=1",
					"$(inherited)",
				);
				GCC_SYMBOLS_PRIVATE_EXTERN = NO;
				GCC_WARN_64_TO_32_BIT_CONVERSION = YES;
				GCC_WARN_ABOUT_RETURN_TYPE = YES_ERROR;
				GCC_WARN_UNDECLARED_SELECTOR = YES;
				GCC_WARN_UNINITIALIZED_AUTOS = YES_AGGRESSIVE;
				GCC_WARN_UNUSED_FUNCTION = YES;
				GCC_WARN_UNUSED_VARIABLE = YES;
				IPHONEOS_DEPLOYMENT_TARGET = 7.1;
				ONLY_ACTIVE_ARCH = YES;
				SDKROOT = iphoneos;
			};
			name = Debug;
		};
		C73378D819467FC400A33D4C /* Release */ = {
			isa = XCBuildConfiguration;
			buildSettings = {
				ALWAYS_SEARCH_USER_PATHS = NO;
				CLANG_CXX_LANGUAGE_STANDARD = "gnu++0x";
				CLANG_CXX_LIBRARY = "libc++";
				CLANG_ENABLE_MODULES = YES;
				CLANG_ENABLE_OBJC_ARC = YES;
				CLANG_WARN_BOOL_CONVERSION = YES;
				CLANG_WARN_CONSTANT_CONVERSION = YES;
				CLANG_WARN_DIRECT_OBJC_ISA_USAGE = YES_ERROR;
				CLANG_WARN_EMPTY_BODY = YES;
				CLANG_WARN_ENUM_CONVERSION = YES;
				CLANG_WARN_INT_CONVERSION = YES;
				CLANG_WARN_OBJC_ROOT_CLASS = YES_ERROR;
				CLANG_WARN__DUPLICATE_METHOD_MATCH = YES;
				"CODE_SIGN_IDENTITY[sdk=iphoneos*]" = "iPhone Developer";
				COPY_PHASE_STRIP = YES;
				ENABLE_NS_ASSERTIONS = NO;
				GCC_C_LANGUAGE_STANDARD = gnu99;
				GCC_WARN_64_TO_32_BIT_CONVERSION = YES;
				GCC_WARN_ABOUT_RETURN_TYPE = YES_ERROR;
				GCC_WARN_UNDECLARED_SELECTOR = YES;
				GCC_WARN_UNINITIALIZED_AUTOS = YES_AGGRESSIVE;
				GCC_WARN_UNUSED_FUNCTION = YES;
				GCC_WARN_UNUSED_VARIABLE = YES;
				IPHONEOS_DEPLOYMENT_TARGET = 7.1;
				SDKROOT = iphoneos;
				VALIDATE_PRODUCT = YES;
			};
			name = Release;
		};
		C73378DA19467FC400A33D4C /* Debug */ = {
			isa = XCBuildConfiguration;
			baseConfigurationReference = 9612BD88415342A297385B39 /* Pods.xcconfig */;
			buildSettings = {
				ASSETCATALOG_COMPILER_APPICON_NAME = AppIcon;
				ASSETCATALOG_COMPILER_LAUNCHIMAGE_NAME = LaunchImage;
				GCC_PRECOMPILE_PREFIX_HEADER = YES;
				GCC_PREFIX_HEADER = "AoOTaniguchi/AoOTaniguchi-Prefix.pch";
				INFOPLIST_FILE = "AoOTaniguchi/AoOTaniguchi-Info.plist";
				PRODUCT_NAME = "$(TARGET_NAME)";
				WRAPPER_EXTENSION = app;
			};
			name = Debug;
		};
		C73378DB19467FC400A33D4C /* Release */ = {
			isa = XCBuildConfiguration;
			baseConfigurationReference = 9612BD88415342A297385B39 /* Pods.xcconfig */;
			buildSettings = {
				ASSETCATALOG_COMPILER_APPICON_NAME = AppIcon;
				ASSETCATALOG_COMPILER_LAUNCHIMAGE_NAME = LaunchImage;
				GCC_PRECOMPILE_PREFIX_HEADER = YES;
				GCC_PREFIX_HEADER = "AoOTaniguchi/AoOTaniguchi-Prefix.pch";
				INFOPLIST_FILE = "AoOTaniguchi/AoOTaniguchi-Info.plist";
				PRODUCT_NAME = "$(TARGET_NAME)";
				WRAPPER_EXTENSION = app;
			};
			name = Release;
		};
		C73378DD19467FC400A33D4C /* Debug */ = {
			isa = XCBuildConfiguration;
			buildSettings = {
				BUNDLE_LOADER = "$(BUILT_PRODUCTS_DIR)/AoOTaniguchi.app/AoOTaniguchi";
				FRAMEWORK_SEARCH_PATHS = (
					"$(SDKROOT)/Developer/Library/Frameworks",
					"$(inherited)",
					"$(DEVELOPER_FRAMEWORKS_DIR)",
				);
				GCC_PRECOMPILE_PREFIX_HEADER = YES;
				GCC_PREFIX_HEADER = "AoOTaniguchi/AoOTaniguchi-Prefix.pch";
				GCC_PREPROCESSOR_DEFINITIONS = (
					"DEBUG=1",
					"$(inherited)",
				);
				INFOPLIST_FILE = "AoOTaniguchiTests/AoOTaniguchiTests-Info.plist";
				PRODUCT_NAME = "$(TARGET_NAME)";
				TEST_HOST = "$(BUNDLE_LOADER)";
				WRAPPER_EXTENSION = xctest;
			};
			name = Debug;
		};
		C73378DE19467FC400A33D4C /* Release */ = {
			isa = XCBuildConfiguration;
			buildSettings = {
				BUNDLE_LOADER = "$(BUILT_PRODUCTS_DIR)/AoOTaniguchi.app/AoOTaniguchi";
				FRAMEWORK_SEARCH_PATHS = (
					"$(SDKROOT)/Developer/Library/Frameworks",
					"$(inherited)",
					"$(DEVELOPER_FRAMEWORKS_DIR)",
				);
				GCC_PRECOMPILE_PREFIX_HEADER = YES;
				GCC_PREFIX_HEADER = "AoOTaniguchi/AoOTaniguchi-Prefix.pch";
				INFOPLIST_FILE = "AoOTaniguchiTests/AoOTaniguchiTests-Info.plist";
				PRODUCT_NAME = "$(TARGET_NAME)";
				TEST_HOST = "$(BUNDLE_LOADER)";
				WRAPPER_EXTENSION = xctest;
			};
			name = Release;
		};
/* End XCBuildConfiguration section */

/* Begin XCConfigurationList section */
		C73378A219467FC300A33D4C /* Build configuration list for PBXProject "AoOTaniguchi" */ = {
			isa = XCConfigurationList;
			buildConfigurations = (
				C73378D719467FC400A33D4C /* Debug */,
				C73378D819467FC400A33D4C /* Release */,
			);
			defaultConfigurationIsVisible = 0;
			defaultConfigurationName = Release;
		};
		C73378D919467FC400A33D4C /* Build configuration list for PBXNativeTarget "AoOTaniguchi" */ = {
			isa = XCConfigurationList;
			buildConfigurations = (
				C73378DA19467FC400A33D4C /* Debug */,
				C73378DB19467FC400A33D4C /* Release */,
			);
			defaultConfigurationIsVisible = 0;
			defaultConfigurationName = Release;
		};
		C73378DC19467FC400A33D4C /* Build configuration list for PBXNativeTarget "AoOTaniguchiTests" */ = {
			isa = XCConfigurationList;
			buildConfigurations = (
				C73378DD19467FC400A33D4C /* Debug */,
				C73378DE19467FC400A33D4C /* Release */,
			);
			defaultConfigurationIsVisible = 0;
			defaultConfigurationName = Release;
		};
/* End XCConfigurationList section */

/* Begin XCVersionGroup section */
		C7B635141946D2C600CE94D2 /* CurrencyModel.xcdatamodeld */ = {
			isa = XCVersionGroup;
			children = (
				C7B635151946D2C600CE94D2 /* CurrencyModel.xcdatamodel */,
			);
			currentVersion = C7B635151946D2C600CE94D2 /* CurrencyModel.xcdatamodel */;
			path = CurrencyModel.xcdatamodeld;
			sourceTree = "<group>";
			versionGroupType = wrapper.xcdatamodel;
		};
/* End XCVersionGroup section */
	};
	rootObject = C733789F19467FC300A33D4C /* Project object */;
}
